
Microsoft Visual Studio Solution File, Format Version 12.00
# Visual Studio 2012
Project("{FAE04EC0-301F-11D3-BF4B-00C04F79EFBC}") = "BasicAuthentication", "BasicAuthentication\BasicAuthentication.csproj", "{A8D8FD5F-7123-407D-BED5-490A61280429}"
EndProject
Global
	GlobalSection(SolutionConfigurationPlatforms) = preSolution
		Debug|Any CPU = Debug|Any CPU
		Release|Any CPU = Release|Any CPU
	EndGlobalSection
	GlobalSection(ProjectConfigurationPlatforms) = postSolution
		{A8D8FD5F-7123-407D-BED5-490A61280429}.Debug|Any CPU.ActiveCfg = Debug|Any CPU
		{A8D8FD5F-7123-407D-BED5-490A61280429}.Debug|Any CPU.Build.0 = Debug|Any CPU
		{A8D8FD5F-7123-407D-BED5-490A61280429}.Release|Any CPU.ActiveCfg = Release|Any CPU
		{A8D8FD5F-7123-407D-BED5-490A61280429}.Release|Any CPU.Build.0 = Release|Any CPU
	EndGlobalSection
EndGlobal
